Microsoft Visual Studio Solution File, Format Version 12.00
# Visual Studio Version 17
VisualStudioVersion = 17.5.2.0
MinimumVisualStudioVersion = 10.0.40219.1
Project("{FAE04EC0-301F-11D3-BF4B-00C04F79EFBC}") = "BuiThiMyLinh_1150080145_BTtuan5", "BuiThiMyLinh_1150080145_BTtuan5.csproj", "{83C3DFD1-F4FB-B6C9-06B7-9C72CAA1D869}"
EndProject
Global
	GlobalSection(SolutionConfigurationPlatforms) = preSolution
		Debug|Any CPU = Debug|Any CPU
		Release|Any CPU = Release|Any CPU
	EndGlobalSection
	GlobalSection(ProjectConfigurationPlatforms) = postSolution
		{83C3DFD1-F4FB-B6C9-06B7-9C72CAA1D869}.Debug|Any CPU.ActiveCfg = Debug|Any CPU
		{83C3DFD1-F4FB-B6C9-06B7-9C72CAA1D869}.Debug|Any CPU.Build.0 = Debug|Any CPU
		{83C3DFD1-F4FB-B6C9-06B7-9C72CAA1D869}.Release|Any CPU.ActiveCfg = Release|Any CPU
		{83C3DFD1-F4FB-B6C9-06B7-9C72CAA1D869}.Release|Any CPU.Build.0 = Release|Any CPU
	EndGlobalSection
	GlobalSection(SolutionProperties) = preSolution
		HideSolutionNode = FALSE
	EndGlobalSection
	GlobalSection(ExtensibilityGlobals) = postSolution
		SolutionGuid = {CAE0004D-F067-4A05-A597-2B26C5EDA669}
	EndGlobalSection
EndGlobal
